
Microsoft Visual Studio Solution File, Format Version 12.00
# Visual Studio Version 16
VisualStudioVersion = 16.0.31313.79
MinimumVisualStudioVersion = 10.0.40219.1
Project("{FAE04EC0-301F-11D3-BF4B-00C04F79EFBC}") = "WPFNumericUpDown", "WPFNumericUpDown\WPFNumericUpDown.csproj", "{F29E8688-5426-419E-8EAE-36DD90671AD8}"
EndProject
Project("{9A19103F-16F7-4668-BE54-9A1E7A4F7556}") = "WPFNumericUpDnDemo", "..\WPFNumericUpDn\WPFNumericUpDnDemo\WPFNumericUpDnDemo.csproj", "{C10C276F-6669-4B1E-B36B-9C5E73AA5295}"
EndProject
Global
	GlobalSection(SolutionConfigurationPlatforms) = preSolution
		Debug|Any CPU = Debug|Any CPU
		Release|Any CPU = Release|Any CPU
	EndGlobalSection
	GlobalSection(ProjectConfigurationPlatforms) = postSolution
		{F29E8688-5426-419E-8EAE-36DD90671AD8}.Debug|Any CPU.ActiveCfg = Debug|Any CPU
		{F29E8688-5426-419E-8EAE-36DD90671AD8}.Debug|Any CPU.Build.0 = Debug|Any CPU
		{F29E8688-5426-419E-8EAE-36DD90671AD8}.Release|Any CPU.ActiveCfg = Release|Any CPU
		{F29E8688-5426-419E-8EAE-36DD90671AD8}.Release|Any CPU.Build.0 = Release|Any CPU
		{C10C276F-6669-4B1E-B36B-9C5E73AA5295}.Debug|Any CPU.ActiveCfg = Debug|Any CPU
		{C10C276F-6669-4B1E-B36B-9C5E73AA5295}.Debug|Any CPU.Build.0 = Debug|Any CPU
		{C10C276F-6669-4B1E-B36B-9C5E73AA5295}.Release|Any CPU.ActiveCfg = Release|Any CPU
		{C10C276F-6669-4B1E-B36B-9C5E73AA5295}.Release|Any CPU.Build.0 = Release|Any CPU
	EndGlobalSection
	GlobalSection(SolutionProperties) = preSolution
		HideSolutionNode = FALSE
	EndGlobalSection
	GlobalSection(ExtensibilityGlobals) = postSolution
		SolutionGuid = {AA2F93C3-86C6-44E3-9BC0-49676460120E}
	EndGlobalSection
EndGlobal
